<?xml version="1.0" encoding="UTF-8" standalone="yes" ?>
<CodeBlocks_project_file>
	<FileVersion major="1" minor="6" />
	<Project>
		<Option title="Core Module Project" />
		<Option pch_mode="2" />
		<Option compiler="gcc" />
		<Build>
			<Target title="Test">
				<Option output="bin/CoreTest" prefix_auto="1" extension_auto="1" />
				<Option working_dir="bin/" />
				<Option object_output="bin/Obj/" />
				<Option type="1" />
				<Option compiler="gcc" />
				<Compiler>
					<Add option="-O" />
				</Compiler>
			</Target>
			<Target title="Test_Dbg">
				<Option output="bin/CoreTest" prefix_auto="1" extension_auto="1" />
				<Option working_dir="bin/" />
				<Option object_output="bin/Obj/" />
				<Option type="1" />
				<Option compiler="gcc" />
				<Compiler>
					<Add option="-g" />
					<Add option="-D_DEBUG" />
				</Compiler>
			</Target>
			<Target title="Test_C++11">
				<Option output="bin/CoreTest" prefix_auto="1" extension_auto="1" />
				<Option working_dir="bin/" />
				<Option object_output="bin/Obj/" />
				<Option type="1" />
				<Option compiler="gcc" />
				<Compiler>
					<Add option="-O" />
					<Add option="-std=c++11" />
				</Compiler>
			</Target>
			<Target title="Test_DbgC++11">
				<Option output="bin/CoreTest" prefix_auto="1" extension_auto="1" />
				<Option working_dir="bin/" />
				<Option object_output="bin/Obj/" />
				<Option type="1" />
				<Option compiler="gcc" />
				<Compiler>
					<Add option="-std=c++11" />
					<Add option="-g" />
					<Add option="-D_DEBUG" />
				</Compiler>
			</Target>
			<Target title="StaticLib">
				<Option output="../../lib/AvrCore" prefix_auto="1" extension_auto="1" />
				<Option working_dir="" />
				<Option object_output="bin/Obj/" />
				<Option type="2" />
				<Option compiler="gcc" />
				<Compiler>
					<Add option="-O" />
				</Compiler>
			</Target>
			<Target title="StaticLib_Dbg">
				<Option output="../../lib/AvrCoreDbg" prefix_auto="1" extension_auto="1" />
				<Option working_dir="" />
				<Option object_output="bin/Obj/" />
				<Option type="2" />
				<Option compiler="gcc" />
				<Compiler>
					<Add option="-g" />
					<Add option="-D_DEBUG" />
				</Compiler>
			</Target>
			<Target title="StaticLib_C++11">
				<Option output="../../lib/AvrCore" prefix_auto="1" extension_auto="1" />
				<Option working_dir="" />
				<Option object_output="bin/Obj/" />
				<Option type="2" />
				<Option compiler="gcc" />
				<Compiler>
					<Add option="-O" />
					<Add option="-std=c++11" />
				</Compiler>
			</Target>
			<Target title="StaticLib_DbgC++11">
				<Option output="../../lib/AvrCoreDbg" prefix_auto="1" extension_auto="1" />
				<Option working_dir="" />
				<Option object_output="bin/Obj/" />
				<Option type="2" />
				<Option compiler="gcc" />
				<Compiler>
					<Add option="-std=c++11" />
					<Add option="-g" />
					<Add option="-D_DEBUG" />
				</Compiler>
			</Target>
			<Target title="DynamicLib">
				<Option output="../../bin/AvrCore" prefix_auto="1" extension_auto="1" />
				<Option working_dir="../../bin" />
				<Option object_output="bin/Obj/" />
				<Option type="3" />
				<Option compiler="gcc" />
				<Compiler>
					<Add option="-O" />
				</Compiler>
			</Target>
			<Target title="DynamicLib_Dbg">
				<Option output="../../bin/AvrCoreDbg" prefix_auto="1" extension_auto="1" />
				<Option working_dir="bin" />
				<Option object_output="bin/Obj/" />
				<Option type="3" />
				<Option compiler="gcc" />
				<Compiler>
					<Add option="-g" />
					<Add option="-D_DEBUG" />
				</Compiler>
			</Target>
			<Target title="DynamicLib_C++11">
				<Option output="../../bin/AvrCore" prefix_auto="1" extension_auto="1" />
				<Option working_dir="bin" />
				<Option object_output="bin/Obj/" />
				<Option type="3" />
				<Option compiler="gcc" />
				<Compiler>
					<Add option="-O" />
					<Add option="-std=c++11" />
				</Compiler>
			</Target>
			<Target title="DynamicLib_DbgC++11">
				<Option output="../../bin/AvrCoreDbg" prefix_auto="1" extension_auto="1" />
				<Option working_dir="bin" />
				<Option object_output="bin/Obj/" />
				<Option type="3" />
				<Option compiler="gcc" />
				<Compiler>
					<Add option="-std=c++11" />
					<Add option="-g" />
					<Add option="-D_DEBUG" />
				</Compiler>
			</Target>
		</Build>
		<Compiler>
			<Add option="-Wall" />
			<Add option="-fexceptions" />
			<Add directory="include" />
		</Compiler>
		<Unit filename="include/avr/core/Handling.hpp" />
		<Unit filename="include/avr/core/SafePointer.hpp" />
		<Unit filename="include/opencv/core/core.hpp" />
		<Unit filename="include/opencv/core/expressions.hpp" />
		<Unit filename="include/opencv/core/functions.hpp" />
		<Unit filename="include/opencv/core/helper.hpp" />
		<Unit filename="include/opencv/core/types.hpp" />
		<Unit filename="main.cpp">
			<Option target="Test_DbgC++11" />
			<Option target="Test_C++11" />
			<Option target="Test_Dbg" />
			<Option target="Test" />
		</Unit>
		<Unit filename="src/Handling.cpp" />
		<Unit filename="src/opencv/alloc.cpp" />
		<Unit filename="src/opencv/arithm.cpp" />
		<Unit filename="src/opencv/convert.cpp" />
		<Unit filename="src/opencv/copy.cpp" />
		<Unit filename="src/opencv/lapack.cpp" />
		<Unit filename="src/opencv/matexpr.cpp" />
		<Unit filename="src/opencv/matmul.cpp" />
		<Unit filename="src/opencv/matrix.cpp" />
		<Unit filename="src/opencv/norm.cpp" />
		<Unit filename="src/opencv/tables.cpp" />
		<Extensions>
			<code_completion />
			<envvars />
			<debugger />
			<lib_finder disable_auto="1" />
		</Extensions>
	</Project>
</CodeBlocks_project_file>
